
Microsoft Visual Studio Solution File, Format Version 12.00
# Visual Studio 15
VisualStudioVersion = 15.0.27130.2010
MinimumVisualStudioVersion = 10.0.40219.1
Project("{FAE04EC0-301F-11D3-BF4B-00C04F79EFBC}") = "FirstLook", "FirstLook\FirstLook.csproj", "{AE39E2B8-A5FB-4D13-9053-F7F3AC179946}"
EndProject
Global
	GlobalSection(SolutionConfigurationPlatforms) = preSolution
		Debug|Any CPU = Debug|Any CPU
		Release|Any CPU = Release|Any CPU
	EndGlobalSection
	GlobalSection(ProjectConfigurationPlatforms) = postSolution
		{AE39E2B8-A5FB-4D13-9053-F7F3AC179946}.Debug|Any CPU.ActiveCfg = Debug|Any CPU
		{AE39E2B8-A5FB-4D13-9053-F7F3AC179946}.Debug|Any CPU.Build.0 = Debug|Any CPU
		{AE39E2B8-A5FB-4D13-9053-F7F3AC179946}.Release|Any CPU.ActiveCfg = Release|Any CPU
		{AE39E2B8-A5FB-4D13-9053-F7F3AC179946}.Release|Any CPU.Build.0 = Release|Any CPU
	EndGlobalSection
	GlobalSection(SolutionProperties) = preSolution
		HideSolutionNode = FALSE
	EndGlobalSection
	GlobalSection(ExtensibilityGlobals) = postSolution
		SolutionGuid = {FC90F3CB-E18E-48D3-9BC3-F01EBF7C8A10}
	EndGlobalSection
EndGlobal
